// !$*UTF8*$!
{
	archiveVersion = 1;
	classes = {
	};
	objectVersion = 46;
	objects = {

/* Begin PBXBuildFile section */
		2C45077C1D8CE5DF00047DC0 /* AppDelegate.swift in Sources */ = {isa = PBXBuildFile; fileRef = 2C45077B1D8CE5DF00047DC0 /* AppDelegate.swift */; };
		2C45077E1D8CE5DF00047DC0 /* ViewController.swift in Sources */ = {isa = PBXBuildFile; fileRef = 2C45077D1D8CE5DF00047DC0 /* ViewController.swift */; };
		2C4507811D8CE5E000047DC0 /* Main.storyboard in Resources */ = {isa = PBXBuildFile; fileRef = 2C45077F1D8CE5E000047DC0 /* Main.storyboard */; };
		2C4507831D8CE5E000047DC0 /* Assets.xcassets in Resources */ = {isa = PBXBuildFile; fileRef = 2C4507821D8CE5E000047DC0 /* Assets.xcassets */; };
		2C4507861D8CE5E000047DC0 /* LaunchScreen.storyboard in Resources */ = {isa = PBXBuildFile; fileRef = 2C4507841D8CE5E000047DC0 /* LaunchScreen.storyboard */; };
		2C45078E1D8CE76F00047DC0 /* new-york.jpg in Resources */ = {isa = PBXBuildFile; fileRef = 2C45078D1D8CE76F00047DC0 /* new-york.jpg */; };
		2C4507901D8CF43900047DC0 /* SuffleArray.swift in Sources */ = {isa = PBXBuildFile; fileRef = 2C45078F1D8CF43900047DC0 /* SuffleArray.swift */; };
/* End PBXBuildFile section */

/* Begin PBXFileReference section */
		2C4507781D8CE5DF00047DC0 /* VamosAprenderInglês.app */ = {isa = PBXFileReference; explicitFileType = wrapper.application; includeInIndex = 0; path = "VamosAprenderInglês.app"; sourceTree = BUILT_PRODUCTS_DIR; };
		2C45077B1D8CE5DF00047DC0 /* AppDelegate.swift */ = {isa = PBXFileReference; lastKnownFileType = sourcecode.swift; path = AppDelegate.swift; sourceTree = "<group>"; };
		2C45077D1D8CE5DF00047DC0 /* ViewController.swift */ = {isa = PBXFileReference; lastKnownFileType = sourcecode.swift; path = ViewController.swift; sourceTree = "<group>"; };
		2C4507801D8CE5E000047DC0 /* Base */ = {isa = PBXFileReference; lastKnownFileType = file.storyboard; name = Base; path = Base.lproj/Main.storyboard; sourceTree = "<group>"; };
		2C4507821D8CE5E000047DC0 /* Assets.xcassets */ = {isa = PBXFileReference; lastKnownFileType = folder.assetcatalog; path = Assets.xcassets; sourceTree = "<group>"; };
		2C4507851D8CE5E000047DC0 /* Base */ = {isa = PBXFileReference; lastKnownFileType = file.storyboard; name = Base; path = Base.lproj/LaunchScreen.storyboard; sourceTree = "<group>"; };
		2C4507871D8CE5E000047DC0 /* Info.plist */ = {isa = PBXFileReference; lastKnownFileType = text.plist.xml; path = Info.plist; sourceTree = "<group>"; };
		2C45078D1D8CE76F00047DC0 /* new-york.jpg */ = {isa = PBXFileReference; lastKnownFileType = image.jpeg; path = "new-york.jpg"; sourceTree = "<group>"; };
		2C45078F1D8CF43900047DC0 /* SuffleArray.swift */ = {isa = PBXFileReference; fileEncoding = 4; lastKnownFileType = sourcecode.swift; path = SuffleArray.swift; sourceTree = "<group>"; };
/* End PBXFileReference section */

/* Begin PBXFrameworksBuildPhase section */
		2C4507751D8CE5DF00047DC0 /* Frameworks */ = {
			isa = PBXFrameworksBuildPhase;
			buildActionMask = 2147483647;
			files = (
			);
			runOnlyForDeploymentPostprocessing = 0;
		};
/* End PBXFrameworksBuildPhase section */

/* Begin PBXGroup section */
		2C45076F1D8CE5DF00047DC0 = {
			isa = PBXGroup;
			children = (
				2C45077A1D8CE5DF00047DC0 /* VamosAprenderInglês */,
				2C4507791D8CE5DF00047DC0 /* Products */,
			);
			sourceTree = "<group>";
		};
		2C4507791D8CE5DF00047DC0 /* Products */ = {
			isa = PBXGroup;
			children = (
				2C4507781D8CE5DF00047DC0 /* VamosAprenderInglês.app */,
			);
			name = Products;
			sourceTree = "<group>";
		};
		2C45077A1D8CE5DF00047DC0 /* VamosAprenderInglês */ = {
			isa = PBXGroup;
			children = (
				2C45078D1D8CE76F00047DC0 /* new-york.jpg */,
				2C45077B1D8CE5DF00047DC0 /* AppDelegate.swift */,
				2C45077D1D8CE5DF00047DC0 /* ViewController.swift */,
				2C45078F1D8CF43900047DC0 /* SuffleArray.swift */,
				2C45077F1D8CE5E000047DC0 /* Main.storyboard */,
				2C4507821D8CE5E000047DC0 /* Assets.xcassets */,
				2C4507841D8CE5E000047DC0 /* LaunchScreen.storyboard */,
				2C4507871D8CE5E000047DC0 /* Info.plist */,
			);
			path = "VamosAprenderInglês";
			sourceTree = "<group>";
		};
/* End PBXGroup section */

/* Begin PBXNativeTarget section */
		2C4507771D8CE5DF00047DC0 /* VamosAprenderInglês */ = {
			isa = PBXNativeTarget;
			buildConfigurationList = 2C45078A1D8CE5E000047DC0 /* Build configuration list for PBXNativeTarget "VamosAprenderInglês" */;
			buildPhases = (
				2C4507741D8CE5DF00047DC0 /* Sources */,
				2C4507751D8CE5DF00047DC0 /* Frameworks */,
				2C4507761D8CE5DF00047DC0 /* Resources */,
			);
			buildRules = (
			);
			dependencies = (
			);
			name = "VamosAprenderInglês";
			productName = "VamosAprenderInglês";
			productReference = 2C4507781D8CE5DF00047DC0 /* VamosAprenderInglês.app */;
			productType = "com.apple.product-type.application";
		};
/* End PBXNativeTarget section */

/* Begin PBXProject section */
		2C4507701D8CE5DF00047DC0 /* Project object */ = {
			isa = PBXProject;
			attributes = {
				LastSwiftUpdateCheck = 0730;
				LastUpgradeCheck = 0730;
				ORGANIZATIONNAME = "Luiz Gustavo Lino";
				TargetAttributes = {
					2C4507771D8CE5DF00047DC0 = {
						CreatedOnToolsVersion = 7.3.1;
					};
				};
			};
			buildConfigurationList = 2C4507731D8CE5DF00047DC0 /* Build configuration list for PBXProject "VamosAprenderInglês" */;
			compatibilityVersion = "Xcode 3.2";
			developmentRegion = English;
			hasScannedForEncodings = 0;
			knownRegions = (
				en,
				Base,
			);
			mainGroup = 2C45076F1D8CE5DF00047DC0;
			productRefGroup = 2C4507791D8CE5DF00047DC0 /* Products */;
			projectDirPath = "";
			projectRoot = "";
			targets = (
				2C4507771D8CE5DF00047DC0 /* VamosAprenderInglês */,
			);
		};
/* End PBXProject section */

/* Begin PBXResourcesBuildPhase section */
		2C4507761D8CE5DF00047DC0 /* Resources */ = {
			isa = PBXResourcesBuildPhase;
			buildActionMask = 2147483647;
			files = (
				2C45078E1D8CE76F00047DC0 /* new-york.jpg in Resources */,
				2C4507861D8CE5E000047DC0 /* LaunchScreen.storyboard in Resources */,
				2C4507831D8CE5E000047DC0 /* Assets.xcassets in Resources */,
				2C4507811D8CE5E000047DC0 /* Main.storyboard in Resources */,
			);
			runOnlyForDeploymentPostprocessing = 0;
		};
/* End PBXResourcesBuildPhase section */

/* Begin PBXSourcesBuildPhase section */
		2C4507741D8CE5DF00047DC0 /* Sources */ = {
			isa = PBXSourcesBuildPhase;
			buildActionMask = 2147483647;
			files = (
				2C4507901D8CF43900047DC0 /* SuffleArray.swift in Sources */,
				2C45077E1D8CE5DF00047DC0 /* ViewController.swift in Sources */,
				2C45077C1D8CE5DF00047DC0 /* AppDelegate.swift in Sources */,
			);
			runOnlyForDeploymentPostprocessing = 0;
		};
/* End PBXSourcesBuildPhase section */

/* Begin PBXVariantGroup section */
		2C45077F1D8CE5E000047DC0 /* Main.storyboard */ = {
			isa = PBXVariantGroup;
			children = (
				2C4507801D8CE5E000047DC0 /* Base */,
			);
			name = Main.storyboard;
			sourceTree = "<group>";
		};
		2C4507841D8CE5E000047DC0 /* LaunchScreen.storyboard */ = {
			isa = PBXVariantGroup;
			children = (
				2C4507851D8CE5E000047DC0 /* Base */,
			);
			name = LaunchScreen.storyboard;
			sourceTree = "<group>";
		};
/* End PBXVariantGroup section */

/* Begin XCBuildConfiguration section */
		2C4507881D8CE5E000047DC0 /* Debug */ = {
			isa = XCBuildConfiguration;
			buildSettings = {
				ALWAYS_SEARCH_USER_PATHS = NO;
				CLANG_ANALYZER_NONNULL = YES;
				CLANG_CXX_LANGUAGE_STANDARD = "gnu++0x";
				CLANG_CXX_LIBRARY = "libc++";
				CLANG_ENABLE_MODULES = YES;
				CLANG_ENABLE_OBJC_ARC = YES;
				CLANG_WARN_BOOL_CONVERSION = YES;
				CLANG_WARN_CONSTANT_CONVERSION = YES;
				CLANG_WARN_DIRECT_OBJC_ISA_USAGE = YES_ERROR;
				CLANG_WARN_EMPTY_BODY = YES;
				CLANG_WARN_ENUM_CONVERSION = YES;
				CLANG_WARN_INT_CONVERSION = YES;
				CLANG_WARN_OBJC_ROOT_CLASS = YES_ERROR;
				CLANG_WARN_UNREACHABLE_CODE = YES;
				CLANG_WARN__DUPLICATE_METHOD_MATCH = YES;
				"CODE_SIGN_IDENTITY[sdk=iphoneos*]" = "iPhone Developer";
				COPY_PHASE_STRIP = NO;
				DEBUG_INFORMATION_FORMAT = dwarf;
				ENABLE_STRICT_OBJC_MSGSEND = YES;
				ENABLE_TESTABILITY = YES;
				GCC_C_LANGUAGE_STANDARD = gnu99;
				GCC_DYNAMIC_NO_PIC = NO;
				GCC_NO_COMMON_BLOCKS = YES;
				GCC_OPTIMIZATION_LEVEL = 0;
				GCC_PREPROCESSOR_DEFINITIONS = (
					"DEBUG=1",
					"$(inherited)",
				);
				GCC_WARN_64_TO_32_BIT_CONVERSION = YES;
				GCC_WARN_ABOUT_RETURN_TYPE = YES_ERROR;
				GCC_WARN_UNDECLARED_SELECTOR = YES;
				GCC_WARN_UNINITIALIZED_AUTOS = YES_AGGRESSIVE;
				GCC_WARN_UNUSED_FUNCTION = YES;
				GCC_WARN_UNUSED_VARIABLE = YES;
				IPHONEOS_DEPLOYMENT_TARGET = 9.3;
				MTL_ENABLE_DEBUG_INFO = YES;
				ONLY_ACTIVE_ARCH = YES;
				SDKROOT = iphoneos;
				SWIFT_OPTIMIZATION_LEVEL = "-Onone";
			};
			name = Debug;
		};
		2C4507891D8CE5E000047DC0 /* Release */ = {
			isa = XCBuildConfiguration;
			buildSettings = {
				ALWAYS_SEARCH_USER_PATHS = NO;
				CLANG_ANALYZER_NONNULL = YES;
				CLANG_CXX_LANGUAGE_STANDARD = "gnu++0x";
				CLANG_CXX_LIBRARY = "libc++";
				CLANG_ENABLE_MODULES = YES;
				CLANG_ENABLE_OBJC_ARC = YES;
				CLANG_WARN_BOOL_CONVERSION = YES;
				CLANG_WARN_CONSTANT_CONVERSION = YES;
				CLANG_WARN_DIRECT_OBJC_ISA_USAGE = YES_ERROR;
				CLANG_WARN_EMPTY_BODY = YES;
				CLANG_WARN_ENUM_CONVERSION = YES;
				CLANG_WARN_INT_CONVERSION = YES;
				CLANG_WARN_OBJC_ROOT_CLASS = YES_ERROR;
				CLANG_WARN_UNREACHABLE_CODE = YES;
				CLANG_WARN__DUPLICATE_METHOD_MATCH = YES;
				"CODE_SIGN_IDENTITY[sdk=iphoneos*]" = "iPhone Developer";
				COPY_PHASE_STRIP = NO;
				DEBUG_INFORMATION_FORMAT = "dwarf-with-dsym";
				ENABLE_NS_ASSERTIONS = NO;
				ENABLE_STRICT_OBJC_MSGSEND = YES;
				GCC_C_LANGUAGE_STANDARD = gnu99;
				GCC_NO_COMMON_BLOCKS = YES;
				GCC_WARN_64_TO_32_BIT_CONVERSION = YES;
				GCC_WARN_ABOUT_RETURN_TYPE = YES_ERROR;
				GCC_WARN_UNDECLARED_SELECTOR = YES;
				GCC_WARN_UNINITIALIZED_AUTOS = YES_AGGRESSIVE;
				GCC_WARN_UNUSED_FUNCTION = YES;
				GCC_WARN_UNUSED_VARIABLE = YES;
				IPHONEOS_DEPLOYMENT_TARGET = 9.3;
				MTL_ENABLE_DEBUG_INFO = NO;
				SDKROOT = iphoneos;
				VALIDATE_PRODUCT = YES;
			};
			name = Release;
		};
		2C45078B1D8CE5E000047DC0 /* Debug */ = {
			isa = XCBuildConfiguration;
			buildSettings = {
				ASSETCATALOG_COMPILER_APPICON_NAME = AppIcon;
				INFOPLIST_FILE = "VamosAprenderInglês/Info.plist";
				LD_RUNPATH_SEARCH_PATHS = "$(inherited) @executable_path/Frameworks";
				PRODUCT_BUNDLE_IDENTIFIER = "br.com.quaddro.VamosAprenderIngle-s";
				PRODUCT_NAME = "$(TARGET_NAME)";
			};
			name = Debug;
		};
		2C45078C1D8CE5E000047DC0 /* Release */ = {
			isa = XCBuildConfiguration;
			buildSettings = {
				ASSETCATALOG_COMPILER_APPICON_NAME = AppIcon;
				INFOPLIST_FILE = "VamosAprenderInglês/Info.plist";
				LD_RUNPATH_SEARCH_PATHS = "$(inherited) @executable_path/Frameworks";
				PRODUCT_BUNDLE_IDENTIFIER = "br.com.quaddro.VamosAprenderIngle-s";
				PRODUCT_NAME = "$(TARGET_NAME)";
			};
			name = Release;
		};
/* End XCBuildConfiguration section */

/* Begin XCConfigurationList section */
		2C4507731D8CE5DF00047DC0 /* Build configuration list for PBXProject "VamosAprenderInglês" */ = {
			isa = XCConfigurationList;
			buildConfigurations = (
				2C4507881D8CE5E000047DC0 /* Debug */,
				2C4507891D8CE5E000047DC0 /* Release */,
			);
			defaultConfigurationIsVisible = 0;
			defaultConfigurationName = Release;
		};
		2C45078A1D8CE5E000047DC0 /* Build configuration list for PBXNativeTarget "VamosAprenderInglês" */ = {
			isa = XCConfigurationList;
			buildConfigurations = (
				2C45078B1D8CE5E000047DC0 /* Debug */,
				2C45078C1D8CE5E000047DC0 /* Release */,
			);
			defaultConfigurationIsVisible = 0;
		};
/* End XCConfigurationList section */
	};
	rootObject = 2C4507701D8CE5DF00047DC0 /* Project object */;
}
