// !$*UTF8*$!
{
	archiveVersion = 1;
	classes = {
	};
	objectVersion = 46;
	objects = {

/* Begin PBXBuildFile section */
		43A7AD901E4627C1008E23AB /* AppDelegate.swift in Sources */ = {isa = PBXBuildFile; fileRef = 43A7AD8F1E4627C1008E23AB /* AppDelegate.swift */; };
		43A7AD921E4627C1008E23AB /* ViewController.swift in Sources */ = {isa = PBXBuildFile; fileRef = 43A7AD911E4627C1008E23AB /* ViewController.swift */; };
		43A7AD951E4627C2008E23AB /* Main.storyboard in Resources */ = {isa = PBXBuildFile; fileRef = 43A7AD931E4627C2008E23AB /* Main.storyboard */; };
		43A7AD971E4627C2008E23AB /* Assets.xcassets in Resources */ = {isa = PBXBuildFile; fileRef = 43A7AD961E4627C2008E23AB /* Assets.xcassets */; };
		43A7AD9A1E4627C2008E23AB /* LaunchScreen.storyboard in Resources */ = {isa = PBXBuildFile; fileRef = 43A7AD981E4627C2008E23AB /* LaunchScreen.storyboard */; };
/* End PBXBuildFile section */

/* Begin PBXFileReference section */
		43A7AD8C1E4627C1008E23AB /* DesafioMapKitECoreLocation.app */ = {isa = PBXFileReference; explicitFileType = wrapper.application; includeInIndex = 0; path = DesafioMapKitECoreLocation.app; sourceTree = BUILT_PRODUCTS_DIR; };
		43A7AD8F1E4627C1008E23AB /* AppDelegate.swift */ = {isa = PBXFileReference; lastKnownFileType = sourcecode.swift; path = AppDelegate.swift; sourceTree = "<group>"; };
		43A7AD911E4627C1008E23AB /* ViewController.swift */ = {isa = PBXFileReference; lastKnownFileType = sourcecode.swift; path = ViewController.swift; sourceTree = "<group>"; };
		43A7AD941E4627C2008E23AB /* Base */ = {isa = PBXFileReference; lastKnownFileType = file.storyboard; name = Base; path = Base.lproj/Main.storyboard; sourceTree = "<group>"; };
		43A7AD961E4627C2008E23AB /* Assets.xcassets */ = {isa = PBXFileReference; lastKnownFileType = folder.assetcatalog; path = Assets.xcassets; sourceTree = "<group>"; };
		43A7AD991E4627C2008E23AB /* Base */ = {isa = PBXFileReference; lastKnownFileType = file.storyboard; name = Base; path = Base.lproj/LaunchScreen.storyboard; sourceTree = "<group>"; };
		43A7AD9B1E4627C2008E23AB /* Info.plist */ = {isa = PBXFileReference; lastKnownFileType = text.plist.xml; path = Info.plist; sourceTree = "<group>"; };
/* End PBXFileReference section */

/* Begin PBXFrameworksBuildPhase section */
		43A7AD891E4627C1008E23AB /* Frameworks */ = {
			isa = PBXFrameworksBuildPhase;
			buildActionMask = 2147483647;
			files = (
			);
			runOnlyForDeploymentPostprocessing = 0;
		};
/* End PBXFrameworksBuildPhase section */

/* Begin PBXGroup section */
		43A7AD831E4627C1008E23AB = {
			isa = PBXGroup;
			children = (
				43A7AD8E1E4627C1008E23AB /* DesafioMapKitECoreLocation */,
				43A7AD8D1E4627C1008E23AB /* Products */,
			);
			sourceTree = "<group>";
		};
		43A7AD8D1E4627C1008E23AB /* Products */ = {
			isa = PBXGroup;
			children = (
				43A7AD8C1E4627C1008E23AB /* DesafioMapKitECoreLocation.app */,
			);
			name = Products;
			sourceTree = "<group>";
		};
		43A7AD8E1E4627C1008E23AB /* DesafioMapKitECoreLocation */ = {
			isa = PBXGroup;
			children = (
				43A7AD8F1E4627C1008E23AB /* AppDelegate.swift */,
				43A7AD911E4627C1008E23AB /* ViewController.swift */,
				43A7AD931E4627C2008E23AB /* Main.storyboard */,
				43A7AD961E4627C2008E23AB /* Assets.xcassets */,
				43A7AD981E4627C2008E23AB /* LaunchScreen.storyboard */,
				43A7AD9B1E4627C2008E23AB /* Info.plist */,
			);
			path = DesafioMapKitECoreLocation;
			sourceTree = "<group>";
		};
/* End PBXGroup section */

/* Begin PBXNativeTarget section */
		43A7AD8B1E4627C1008E23AB /* DesafioMapKitECoreLocation */ = {
			isa = PBXNativeTarget;
			buildConfigurationList = 43A7AD9E1E4627C2008E23AB /* Build configuration list for PBXNativeTarget "DesafioMapKitECoreLocation" */;
			buildPhases = (
				43A7AD881E4627C1008E23AB /* Sources */,
				43A7AD891E4627C1008E23AB /* Frameworks */,
				43A7AD8A1E4627C1008E23AB /* Resources */,
			);
			buildRules = (
			);
			dependencies = (
			);
			name = DesafioMapKitECoreLocation;
			productName = DesafioMapKitECoreLocation;
			productReference = 43A7AD8C1E4627C1008E23AB /* DesafioMapKitECoreLocation.app */;
			productType = "com.apple.product-type.application";
		};
/* End PBXNativeTarget section */

/* Begin PBXProject section */
		43A7AD841E4627C1008E23AB /* Project object */ = {
			isa = PBXProject;
			attributes = {
				LastSwiftUpdateCheck = 0820;
				LastUpgradeCheck = 0820;
				ORGANIZATIONNAME = "Ken Aramaki";
				TargetAttributes = {
					43A7AD8B1E4627C1008E23AB = {
						CreatedOnToolsVersion = 8.2.1;
						ProvisioningStyle = Automatic;
					};
				};
			};
			buildConfigurationList = 43A7AD871E4627C1008E23AB /* Build configuration list for PBXProject "DesafioMapKitECoreLocation" */;
			compatibilityVersion = "Xcode 3.2";
			developmentRegion = English;
			hasScannedForEncodings = 0;
			knownRegions = (
				en,
				Base,
			);
			mainGroup = 43A7AD831E4627C1008E23AB;
			productRefGroup = 43A7AD8D1E4627C1008E23AB /* Products */;
			projectDirPath = "";
			projectRoot = "";
			targets = (
				43A7AD8B1E4627C1008E23AB /* DesafioMapKitECoreLocation */,
			);
		};
/* End PBXProject section */

/* Begin PBXResourcesBuildPhase section */
		43A7AD8A1E4627C1008E23AB /* Resources */ = {
			isa = PBXResourcesBuildPhase;
			buildActionMask = 2147483647;
			files = (
				43A7AD9A1E4627C2008E23AB /* LaunchScreen.storyboard in Resources */,
				43A7AD971E4627C2008E23AB /* Assets.xcassets in Resources */,
				43A7AD951E4627C2008E23AB /* Main.storyboard in Resources */,
			);
			runOnlyForDeploymentPostprocessing = 0;
		};
/* End PBXResourcesBuildPhase section */

/* Begin PBXSourcesBuildPhase section */
		43A7AD881E4627C1008E23AB /* Sources */ = {
			isa = PBXSourcesBuildPhase;
			buildActionMask = 2147483647;
			files = (
				43A7AD921E4627C1008E23AB /* ViewController.swift in Sources */,
				43A7AD901E4627C1008E23AB /* AppDelegate.swift in Sources */,
			);
			runOnlyForDeploymentPostprocessing = 0;
		};
/* End PBXSourcesBuildPhase section */

/* Begin PBXVariantGroup section */
		43A7AD931E4627C2008E23AB /* Main.storyboard */ = {
			isa = PBXVariantGroup;
			children = (
				43A7AD941E4627C2008E23AB /* Base */,
			);
			name = Main.storyboard;
			sourceTree = "<group>";
		};
		43A7AD981E4627C2008E23AB /* LaunchScreen.storyboard */ = {
			isa = PBXVariantGroup;
			children = (
				43A7AD991E4627C2008E23AB /* Base */,
			);
			name = LaunchScreen.storyboard;
			sourceTree = "<group>";
		};
/* End PBXVariantGroup section */

/* Begin XCBuildConfiguration section */
		43A7AD9C1E4627C2008E23AB /* Debug */ = {
			isa = XCBuildConfiguration;
			buildSettings = {
				ALWAYS_SEARCH_USER_PATHS = NO;
				CLANG_ANALYZER_NONNULL = YES;
				CLANG_CXX_LANGUAGE_STANDARD = "gnu++0x";
				CLANG_CXX_LIBRARY = "libc++";
				CLANG_ENABLE_MODULES = YES;
				CLANG_ENABLE_OBJC_ARC = YES;
				CLANG_WARN_BOOL_CONVERSION = YES;
				CLANG_WARN_CONSTANT_CONVERSION = YES;
				CLANG_WARN_DIRECT_OBJC_ISA_USAGE = YES_ERROR;
				CLANG_WARN_DOCUMENTATION_COMMENTS = YES;
				CLANG_WARN_EMPTY_BODY = YES;
				CLANG_WARN_ENUM_CONVERSION = YES;
				CLANG_WARN_INFINITE_RECURSION = YES;
				CLANG_WARN_INT_CONVERSION = YES;
				CLANG_WARN_OBJC_ROOT_CLASS = YES_ERROR;
				CLANG_WARN_SUSPICIOUS_MOVE = YES;
				CLANG_WARN_UNREACHABLE_CODE = YES;
				CLANG_WARN__DUPLICATE_METHOD_MATCH = YES;
				"CODE_SIGN_IDENTITY[sdk=iphoneos*]" = "iPhone Developer";
				COPY_PHASE_STRIP = NO;
				DEBUG_INFORMATION_FORMAT = dwarf;
				ENABLE_STRICT_OBJC_MSGSEND = YES;
				ENABLE_TESTABILITY = YES;
				GCC_C_LANGUAGE_STANDARD = gnu99;
				GCC_DYNAMIC_NO_PIC = NO;
				GCC_NO_COMMON_BLOCKS = YES;
				GCC_OPTIMIZATION_LEVEL = 0;
				GCC_PREPROCESSOR_DEFINITIONS = (
					"DEBUG=1",
					"$(inherited)",
				);
				GCC_WARN_64_TO_32_BIT_CONVERSION = YES;
				GCC_WARN_ABOUT_RETURN_TYPE = YES_ERROR;
				GCC_WARN_UNDECLARED_SELECTOR = YES;
				GCC_WARN_UNINITIALIZED_AUTOS = YES_AGGRESSIVE;
				GCC_WARN_UNUSED_FUNCTION = YES;
				GCC_WARN_UNUSED_VARIABLE = YES;
				IPHONEOS_DEPLOYMENT_TARGET = 10.2;
				MTL_ENABLE_DEBUG_INFO = YES;
				ONLY_ACTIVE_ARCH = YES;
				SDKROOT = iphoneos;
				SWIFT_ACTIVE_COMPILATION_CONDITIONS = DEBUG;
				SWIFT_OPTIMIZATION_LEVEL = "-Onone";
			};
			name = Debug;
		};
		43A7AD9D1E4627C2008E23AB /* Release */ = {
			isa = XCBuildConfiguration;
			buildSettings = {
				ALWAYS_SEARCH_USER_PATHS = NO;
				CLANG_ANALYZER_NONNULL = YES;
				CLANG_CXX_LANGUAGE_STANDARD = "gnu++0x";
				CLANG_CXX_LIBRARY = "libc++";
				CLANG_ENABLE_MODULES = YES;
				CLANG_ENABLE_OBJC_ARC = YES;
				CLANG_WARN_BOOL_CONVERSION = YES;
				CLANG_WARN_CONSTANT_CONVERSION = YES;
				CLANG_WARN_DIRECT_OBJC_ISA_USAGE = YES_ERROR;
				CLANG_WARN_DOCUMENTATION_COMMENTS = YES;
				CLANG_WARN_EMPTY_BODY = YES;
				CLANG_WARN_ENUM_CONVERSION = YES;
				CLANG_WARN_INFINITE_RECURSION = YES;
				CLANG_WARN_INT_CONVERSION = YES;
				CLANG_WARN_OBJC_ROOT_CLASS = YES_ERROR;
				CLANG_WARN_SUSPICIOUS_MOVE = YES;
				CLANG_WARN_UNREACHABLE_CODE = YES;
				CLANG_WARN__DUPLICATE_METHOD_MATCH = YES;
				"CODE_SIGN_IDENTITY[sdk=iphoneos*]" = "iPhone Developer";
				COPY_PHASE_STRIP = NO;
				DEBUG_INFORMATION_FORMAT = "dwarf-with-dsym";
				ENABLE_NS_ASSERTIONS = NO;
				ENABLE_STRICT_OBJC_MSGSEND = YES;
				GCC_C_LANGUAGE_STANDARD = gnu99;
				GCC_NO_COMMON_BLOCKS = YES;
				GCC_WARN_64_TO_32_BIT_CONVERSION = YES;
				GCC_WARN_ABOUT_RETURN_TYPE = YES_ERROR;
				GCC_WARN_UNDECLARED_SELECTOR = YES;
				GCC_WARN_UNINITIALIZED_AUTOS = YES_AGGRESSIVE;
				GCC_WARN_UNUSED_FUNCTION = YES;
				GCC_WARN_UNUSED_VARIABLE = YES;
				IPHONEOS_DEPLOYMENT_TARGET = 10.2;
				MTL_ENABLE_DEBUG_INFO = NO;
				SDKROOT = iphoneos;
				SWIFT_OPTIMIZATION_LEVEL = "-Owholemodule";
				VALIDATE_PRODUCT = YES;
			};
			name = Release;
		};
		43A7AD9F1E4627C2008E23AB /* Debug */ = {
			isa = XCBuildConfiguration;
			buildSettings = {
				ASSETCATALOG_COMPILER_APPICON_NAME = AppIcon;
				INFOPLIST_FILE = DesafioMapKitECoreLocation/Info.plist;
				LD_RUNPATH_SEARCH_PATHS = "$(inherited) @executable_path/Frameworks";
				PRODUCT_BUNDLE_IDENTIFIER = br.com.kenaramaki.DesafioMapKitECoreLocation;
				PRODUCT_NAME = "$(TARGET_NAME)";
				SWIFT_VERSION = 3.0;
			};
			name = Debug;
		};
		43A7ADA01E4627C2008E23AB /* Release */ = {
			isa = XCBuildConfiguration;
			buildSettings = {
				ASSETCATALOG_COMPILER_APPICON_NAME = AppIcon;
				INFOPLIST_FILE = DesafioMapKitECoreLocation/Info.plist;
				LD_RUNPATH_SEARCH_PATHS = "$(inherited) @executable_path/Frameworks";
				PRODUCT_BUNDLE_IDENTIFIER = br.com.kenaramaki.DesafioMapKitECoreLocation;
				PRODUCT_NAME = "$(TARGET_NAME)";
				SWIFT_VERSION = 3.0;
			};
			name = Release;
		};
/* End XCBuildConfiguration section */

/* Begin XCConfigurationList section */
		43A7AD871E4627C1008E23AB /* Build configuration list for PBXProject "DesafioMapKitECoreLocation" */ = {
			isa = XCConfigurationList;
			buildConfigurations = (
				43A7AD9C1E4627C2008E23AB /* Debug */,
				43A7AD9D1E4627C2008E23AB /* Release */,
			);
			defaultConfigurationIsVisible = 0;
			defaultConfigurationName = Release;
		};
		43A7AD9E1E4627C2008E23AB /* Build configuration list for PBXNativeTarget "DesafioMapKitECoreLocation" */ = {
			isa = XCConfigurationList;
			buildConfigurations = (
				43A7AD9F1E4627C2008E23AB /* Debug */,
				43A7ADA01E4627C2008E23AB /* Release */,
			);
			defaultConfigurationIsVisible = 0;
		};
/* End XCConfigurationList section */
	};
	rootObject = 43A7AD841E4627C1008E23AB /* Project object */;
}
