// !$*UTF8*$!
{
	archiveVersion = 1;
	classes = {
	};
	objectVersion = 46;
	objects = {

/* Begin PBXBuildFile section */
		6C0261DB1DBB837F0070C80B /* AppDelegate.swift in Sources */ = {isa = PBXBuildFile; fileRef = 6C0261DA1DBB837F0070C80B /* AppDelegate.swift */; };
		6C0261DD1DBB837F0070C80B /* ViewController.swift in Sources */ = {isa = PBXBuildFile; fileRef = 6C0261DC1DBB837F0070C80B /* ViewController.swift */; };
		6C0261E01DBB837F0070C80B /* Main.storyboard in Resources */ = {isa = PBXBuildFile; fileRef = 6C0261DE1DBB837F0070C80B /* Main.storyboard */; };
		6C0261E21DBB837F0070C80B /* Assets.xcassets in Resources */ = {isa = PBXBuildFile; fileRef = 6C0261E11DBB837F0070C80B /* Assets.xcassets */; };
		6C0261E51DBB837F0070C80B /* LaunchScreen.storyboard in Resources */ = {isa = PBXBuildFile; fileRef = 6C0261E31DBB837F0070C80B /* LaunchScreen.storyboard */; };
/* End PBXBuildFile section */

/* Begin PBXFileReference section */
		6C0261D71DBB837F0070C80B /* VFL.app */ = {isa = PBXFileReference; explicitFileType = wrapper.application; includeInIndex = 0; path = VFL.app; sourceTree = BUILT_PRODUCTS_DIR; };
		6C0261DA1DBB837F0070C80B /* AppDelegate.swift */ = {isa = PBXFileReference; lastKnownFileType = sourcecode.swift; path = AppDelegate.swift; sourceTree = "<group>"; };
		6C0261DC1DBB837F0070C80B /* ViewController.swift */ = {isa = PBXFileReference; lastKnownFileType = sourcecode.swift; path = ViewController.swift; sourceTree = "<group>"; };
		6C0261DF1DBB837F0070C80B /* Base */ = {isa = PBXFileReference; lastKnownFileType = file.storyboard; name = Base; path = Base.lproj/Main.storyboard; sourceTree = "<group>"; };
		6C0261E11DBB837F0070C80B /* Assets.xcassets */ = {isa = PBXFileReference; lastKnownFileType = folder.assetcatalog; path = Assets.xcassets; sourceTree = "<group>"; };
		6C0261E41DBB837F0070C80B /* Base */ = {isa = PBXFileReference; lastKnownFileType = file.storyboard; name = Base; path = Base.lproj/LaunchScreen.storyboard; sourceTree = "<group>"; };
		6C0261E61DBB837F0070C80B /* Info.plist */ = {isa = PBXFileReference; lastKnownFileType = text.plist.xml; path = Info.plist; sourceTree = "<group>"; };
/* End PBXFileReference section */

/* Begin PBXFrameworksBuildPhase section */
		6C0261D41DBB837F0070C80B /* Frameworks */ = {
			isa = PBXFrameworksBuildPhase;
			buildActionMask = 2147483647;
			files = (
			);
			runOnlyForDeploymentPostprocessing = 0;
		};
/* End PBXFrameworksBuildPhase section */

/* Begin PBXGroup section */
		6C0261CE1DBB837F0070C80B = {
			isa = PBXGroup;
			children = (
				6C0261D91DBB837F0070C80B /* VFL */,
				6C0261D81DBB837F0070C80B /* Products */,
			);
			sourceTree = "<group>";
		};
		6C0261D81DBB837F0070C80B /* Products */ = {
			isa = PBXGroup;
			children = (
				6C0261D71DBB837F0070C80B /* VFL.app */,
			);
			name = Products;
			sourceTree = "<group>";
		};
		6C0261D91DBB837F0070C80B /* VFL */ = {
			isa = PBXGroup;
			children = (
				6C0261DA1DBB837F0070C80B /* AppDelegate.swift */,
				6C0261DC1DBB837F0070C80B /* ViewController.swift */,
				6C0261DE1DBB837F0070C80B /* Main.storyboard */,
				6C0261E11DBB837F0070C80B /* Assets.xcassets */,
				6C0261E31DBB837F0070C80B /* LaunchScreen.storyboard */,
				6C0261E61DBB837F0070C80B /* Info.plist */,
			);
			path = VFL;
			sourceTree = "<group>";
		};
/* End PBXGroup section */

/* Begin PBXNativeTarget section */
		6C0261D61DBB837F0070C80B /* VFL */ = {
			isa = PBXNativeTarget;
			buildConfigurationList = 6C0261E91DBB837F0070C80B /* Build configuration list for PBXNativeTarget "VFL" */;
			buildPhases = (
				6C0261D31DBB837F0070C80B /* Sources */,
				6C0261D41DBB837F0070C80B /* Frameworks */,
				6C0261D51DBB837F0070C80B /* Resources */,
			);
			buildRules = (
			);
			dependencies = (
			);
			name = VFL;
			productName = VFL;
			productReference = 6C0261D71DBB837F0070C80B /* VFL.app */;
			productType = "com.apple.product-type.application";
		};
/* End PBXNativeTarget section */

/* Begin PBXProject section */
		6C0261CF1DBB837F0070C80B /* Project object */ = {
			isa = PBXProject;
			attributes = {
				LastSwiftUpdateCheck = 0800;
				LastUpgradeCheck = 0800;
				ORGANIZATIONNAME = "Swift Prof";
				TargetAttributes = {
					6C0261D61DBB837F0070C80B = {
						CreatedOnToolsVersion = 8.0;
						DevelopmentTeam = 9D54EP8FM9;
						ProvisioningStyle = Automatic;
					};
				};
			};
			buildConfigurationList = 6C0261D21DBB837F0070C80B /* Build configuration list for PBXProject "VFL" */;
			compatibilityVersion = "Xcode 3.2";
			developmentRegion = English;
			hasScannedForEncodings = 0;
			knownRegions = (
				en,
				Base,
			);
			mainGroup = 6C0261CE1DBB837F0070C80B;
			productRefGroup = 6C0261D81DBB837F0070C80B /* Products */;
			projectDirPath = "";
			projectRoot = "";
			targets = (
				6C0261D61DBB837F0070C80B /* VFL */,
			);
		};
/* End PBXProject section */

/* Begin PBXResourcesBuildPhase section */
		6C0261D51DBB837F0070C80B /* Resources */ = {
			isa = PBXResourcesBuildPhase;
			buildActionMask = 2147483647;
			files = (
				6C0261E51DBB837F0070C80B /* LaunchScreen.storyboard in Resources */,
				6C0261E21DBB837F0070C80B /* Assets.xcassets in Resources */,
				6C0261E01DBB837F0070C80B /* Main.storyboard in Resources */,
			);
			runOnlyForDeploymentPostprocessing = 0;
		};
/* End PBXResourcesBuildPhase section */

/* Begin PBXSourcesBuildPhase section */
		6C0261D31DBB837F0070C80B /* Sources */ = {
			isa = PBXSourcesBuildPhase;
			buildActionMask = 2147483647;
			files = (
				6C0261DD1DBB837F0070C80B /* ViewController.swift in Sources */,
				6C0261DB1DBB837F0070C80B /* AppDelegate.swift in Sources */,
			);
			runOnlyForDeploymentPostprocessing = 0;
		};
/* End PBXSourcesBuildPhase section */

/* Begin PBXVariantGroup section */
		6C0261DE1DBB837F0070C80B /* Main.storyboard */ = {
			isa = PBXVariantGroup;
			children = (
				6C0261DF1DBB837F0070C80B /* Base */,
			);
			name = Main.storyboard;
			sourceTree = "<group>";
		};
		6C0261E31DBB837F0070C80B /* LaunchScreen.storyboard */ = {
			isa = PBXVariantGroup;
			children = (
				6C0261E41DBB837F0070C80B /* Base */,
			);
			name = LaunchScreen.storyboard;
			sourceTree = "<group>";
		};
/* End PBXVariantGroup section */

/* Begin XCBuildConfiguration section */
		6C0261E71DBB837F0070C80B /* Debug */ = {
			isa = XCBuildConfiguration;
			buildSettings = {
				ALWAYS_SEARCH_USER_PATHS = NO;
				CLANG_ANALYZER_NONNULL = YES;
				CLANG_CXX_LANGUAGE_STANDARD = "gnu++0x";
				CLANG_CXX_LIBRARY = "libc++";
				CLANG_ENABLE_MODULES = YES;
				CLANG_ENABLE_OBJC_ARC = YES;
				CLANG_WARN_BOOL_CONVERSION = YES;
				CLANG_WARN_CONSTANT_CONVERSION = YES;
				CLANG_WARN_DIRECT_OBJC_ISA_USAGE = YES_ERROR;
				CLANG_WARN_DOCUMENTATION_COMMENTS = YES;
				CLANG_WARN_EMPTY_BODY = YES;
				CLANG_WARN_ENUM_CONVERSION = YES;
				CLANG_WARN_INFINITE_RECURSION = YES;
				CLANG_WARN_INT_CONVERSION = YES;
				CLANG_WARN_OBJC_ROOT_CLASS = YES_ERROR;
				CLANG_WARN_SUSPICIOUS_MOVES = YES;
				CLANG_WARN_UNREACHABLE_CODE = YES;
				CLANG_WARN__DUPLICATE_METHOD_MATCH = YES;
				"CODE_SIGN_IDENTITY[sdk=iphoneos*]" = "iPhone Developer";
				COPY_PHASE_STRIP = NO;
				DEBUG_INFORMATION_FORMAT = dwarf;
				ENABLE_STRICT_OBJC_MSGSEND = YES;
				ENABLE_TESTABILITY = YES;
				GCC_C_LANGUAGE_STANDARD = gnu99;
				GCC_DYNAMIC_NO_PIC = NO;
				GCC_NO_COMMON_BLOCKS = YES;
				GCC_OPTIMIZATION_LEVEL = 0;
				GCC_PREPROCESSOR_DEFINITIONS = (
					"DEBUG=1",
					"$(inherited)",
				);
				GCC_WARN_64_TO_32_BIT_CONVERSION = YES;
				GCC_WARN_ABOUT_RETURN_TYPE = YES_ERROR;
				GCC_WARN_UNDECLARED_SELECTOR = YES;
				GCC_WARN_UNINITIALIZED_AUTOS = YES_AGGRESSIVE;
				GCC_WARN_UNUSED_FUNCTION = YES;
				GCC_WARN_UNUSED_VARIABLE = YES;
				IPHONEOS_DEPLOYMENT_TARGET = 10.0;
				MTL_ENABLE_DEBUG_INFO = YES;
				ONLY_ACTIVE_ARCH = YES;
				SDKROOT = iphoneos;
				SWIFT_ACTIVE_COMPILATION_CONDITIONS = DEBUG;
				SWIFT_OPTIMIZATION_LEVEL = "-Onone";
				TARGETED_DEVICE_FAMILY = "1,2";
			};
			name = Debug;
		};
		6C0261E81DBB837F0070C80B /* Release */ = {
			isa = XCBuildConfiguration;
			buildSettings = {
				ALWAYS_SEARCH_USER_PATHS = NO;
				CLANG_ANALYZER_NONNULL = YES;
				CLANG_CXX_LANGUAGE_STANDARD = "gnu++0x";
				CLANG_CXX_LIBRARY = "libc++";
				CLANG_ENABLE_MODULES = YES;
				CLANG_ENABLE_OBJC_ARC = YES;
				CLANG_WARN_BOOL_CONVERSION = YES;
				CLANG_WARN_CONSTANT_CONVERSION = YES;
				CLANG_WARN_DIRECT_OBJC_ISA_USAGE = YES_ERROR;
				CLANG_WARN_DOCUMENTATION_COMMENTS = YES;
				CLANG_WARN_EMPTY_BODY = YES;
				CLANG_WARN_ENUM_CONVERSION = YES;
				CLANG_WARN_INFINITE_RECURSION = YES;
				CLANG_WARN_INT_CONVERSION = YES;
				CLANG_WARN_OBJC_ROOT_CLASS = YES_ERROR;
				CLANG_WARN_SUSPICIOUS_MOVES = YES;
				CLANG_WARN_UNREACHABLE_CODE = YES;
				CLANG_WARN__DUPLICATE_METHOD_MATCH = YES;
				"CODE_SIGN_IDENTITY[sdk=iphoneos*]" = "iPhone Developer";
				COPY_PHASE_STRIP = NO;
				DEBUG_INFORMATION_FORMAT = "dwarf-with-dsym";
				ENABLE_NS_ASSERTIONS = NO;
				ENABLE_STRICT_OBJC_MSGSEND = YES;
				GCC_C_LANGUAGE_STANDARD = gnu99;
				GCC_NO_COMMON_BLOCKS = YES;
				GCC_WARN_64_TO_32_BIT_CONVERSION = YES;
				GCC_WARN_ABOUT_RETURN_TYPE = YES_ERROR;
				GCC_WARN_UNDECLARED_SELECTOR = YES;
				GCC_WARN_UNINITIALIZED_AUTOS = YES_AGGRESSIVE;
				GCC_WARN_UNUSED_FUNCTION = YES;
				GCC_WARN_UNUSED_VARIABLE = YES;
				IPHONEOS_DEPLOYMENT_TARGET = 10.0;
				MTL_ENABLE_DEBUG_INFO = NO;
				SDKROOT = iphoneos;
				SWIFT_OPTIMIZATION_LEVEL = "-Owholemodule";
				TARGETED_DEVICE_FAMILY = "1,2";
				VALIDATE_PRODUCT = YES;
			};
			name = Release;
		};
		6C0261EA1DBB837F0070C80B /* Debug */ = {
			isa = XCBuildConfiguration;
			buildSettings = {
				ASSETCATALOG_COMPILER_APPICON_NAME = AppIcon;
				DEVELOPMENT_TEAM = 9D54EP8FM9;
				INFOPLIST_FILE = VFL/Info.plist;
				LD_RUNPATH_SEARCH_PATHS = "$(inherited) @executable_path/Frameworks";
				PRODUCT_BUNDLE_IDENTIFIER = br.com.quaddro.VFL;
				PRODUCT_NAME = "$(TARGET_NAME)";
				SWIFT_VERSION = 3.0;
			};
			name = Debug;
		};
		6C0261EB1DBB837F0070C80B /* Release */ = {
			isa = XCBuildConfiguration;
			buildSettings = {
				ASSETCATALOG_COMPILER_APPICON_NAME = AppIcon;
				DEVELOPMENT_TEAM = 9D54EP8FM9;
				INFOPLIST_FILE = VFL/Info.plist;
				LD_RUNPATH_SEARCH_PATHS = "$(inherited) @executable_path/Frameworks";
				PRODUCT_BUNDLE_IDENTIFIER = br.com.quaddro.VFL;
				PRODUCT_NAME = "$(TARGET_NAME)";
				SWIFT_VERSION = 3.0;
			};
			name = Release;
		};
/* End XCBuildConfiguration section */

/* Begin XCConfigurationList section */
		6C0261D21DBB837F0070C80B /* Build configuration list for PBXProject "VFL" */ = {
			isa = XCConfigurationList;
			buildConfigurations = (
				6C0261E71DBB837F0070C80B /* Debug */,
				6C0261E81DBB837F0070C80B /* Release */,
			);
			defaultConfigurationIsVisible = 0;
			defaultConfigurationName = Release;
		};
		6C0261E91DBB837F0070C80B /* Build configuration list for PBXNativeTarget "VFL" */ = {
			isa = XCConfigurationList;
			buildConfigurations = (
				6C0261EA1DBB837F0070C80B /* Debug */,
				6C0261EB1DBB837F0070C80B /* Release */,
			);
			defaultConfigurationIsVisible = 0;
		};
/* End XCConfigurationList section */
	};
	rootObject = 6C0261CF1DBB837F0070C80B /* Project object */;
}
