// !$*UTF8*$!
{
	archiveVersion = 1;
	classes = {
	};
	objectVersion = 46;
	objects = {

/* Begin PBXBuildFile section */
		A7ED721C1E9010A7004D6ADB /* AppDelegate.swift in Sources */ = {isa = PBXBuildFile; fileRef = A7ED721B1E9010A7004D6ADB /* AppDelegate.swift */; };
		A7ED721E1E9010A7004D6ADB /* ViewController.swift in Sources */ = {isa = PBXBuildFile; fileRef = A7ED721D1E9010A7004D6ADB /* ViewController.swift */; };
		A7ED72211E9010A7004D6ADB /* Main.storyboard in Resources */ = {isa = PBXBuildFile; fileRef = A7ED721F1E9010A7004D6ADB /* Main.storyboard */; };
		A7ED72231E9010A7004D6ADB /* Assets.xcassets in Resources */ = {isa = PBXBuildFile; fileRef = A7ED72221E9010A7004D6ADB /* Assets.xcassets */; };
		A7ED72261E9010A7004D6ADB /* LaunchScreen.storyboard in Resources */ = {isa = PBXBuildFile; fileRef = A7ED72241E9010A7004D6ADB /* LaunchScreen.storyboard */; };
/* End PBXBuildFile section */

/* Begin PBXFileReference section */
		A7ED72181E9010A7004D6ADB /* DesafioWebServiceXML.app */ = {isa = PBXFileReference; explicitFileType = wrapper.application; includeInIndex = 0; path = DesafioWebServiceXML.app; sourceTree = BUILT_PRODUCTS_DIR; };
		A7ED721B1E9010A7004D6ADB /* AppDelegate.swift */ = {isa = PBXFileReference; lastKnownFileType = sourcecode.swift; path = AppDelegate.swift; sourceTree = "<group>"; };
		A7ED721D1E9010A7004D6ADB /* ViewController.swift */ = {isa = PBXFileReference; lastKnownFileType = sourcecode.swift; path = ViewController.swift; sourceTree = "<group>"; };
		A7ED72201E9010A7004D6ADB /* Base */ = {isa = PBXFileReference; lastKnownFileType = file.storyboard; name = Base; path = Base.lproj/Main.storyboard; sourceTree = "<group>"; };
		A7ED72221E9010A7004D6ADB /* Assets.xcassets */ = {isa = PBXFileReference; lastKnownFileType = folder.assetcatalog; path = Assets.xcassets; sourceTree = "<group>"; };
		A7ED72251E9010A7004D6ADB /* Base */ = {isa = PBXFileReference; lastKnownFileType = file.storyboard; name = Base; path = Base.lproj/LaunchScreen.storyboard; sourceTree = "<group>"; };
		A7ED72271E9010A7004D6ADB /* Info.plist */ = {isa = PBXFileReference; lastKnownFileType = text.plist.xml; path = Info.plist; sourceTree = "<group>"; };
/* End PBXFileReference section */

/* Begin PBXFrameworksBuildPhase section */
		A7ED72151E9010A7004D6ADB /* Frameworks */ = {
			isa = PBXFrameworksBuildPhase;
			buildActionMask = 2147483647;
			files = (
			);
			runOnlyForDeploymentPostprocessing = 0;
		};
/* End PBXFrameworksBuildPhase section */

/* Begin PBXGroup section */
		A7ED720F1E9010A7004D6ADB = {
			isa = PBXGroup;
			children = (
				A7ED721A1E9010A7004D6ADB /* DesafioWebServiceXML */,
				A7ED72191E9010A7004D6ADB /* Products */,
			);
			sourceTree = "<group>";
		};
		A7ED72191E9010A7004D6ADB /* Products */ = {
			isa = PBXGroup;
			children = (
				A7ED72181E9010A7004D6ADB /* DesafioWebServiceXML.app */,
			);
			name = Products;
			sourceTree = "<group>";
		};
		A7ED721A1E9010A7004D6ADB /* DesafioWebServiceXML */ = {
			isa = PBXGroup;
			children = (
				A7ED721B1E9010A7004D6ADB /* AppDelegate.swift */,
				A7ED721D1E9010A7004D6ADB /* ViewController.swift */,
				A7ED721F1E9010A7004D6ADB /* Main.storyboard */,
				A7ED72221E9010A7004D6ADB /* Assets.xcassets */,
				A7ED72241E9010A7004D6ADB /* LaunchScreen.storyboard */,
				A7ED72271E9010A7004D6ADB /* Info.plist */,
			);
			path = DesafioWebServiceXML;
			sourceTree = "<group>";
		};
/* End PBXGroup section */

/* Begin PBXNativeTarget section */
		A7ED72171E9010A7004D6ADB /* DesafioWebServiceXML */ = {
			isa = PBXNativeTarget;
			buildConfigurationList = A7ED722A1E9010A7004D6ADB /* Build configuration list for PBXNativeTarget "DesafioWebServiceXML" */;
			buildPhases = (
				A7ED72141E9010A7004D6ADB /* Sources */,
				A7ED72151E9010A7004D6ADB /* Frameworks */,
				A7ED72161E9010A7004D6ADB /* Resources */,
			);
			buildRules = (
			);
			dependencies = (
			);
			name = DesafioWebServiceXML;
			productName = DesafioWebServiceXML;
			productReference = A7ED72181E9010A7004D6ADB /* DesafioWebServiceXML.app */;
			productType = "com.apple.product-type.application";
		};
/* End PBXNativeTarget section */

/* Begin PBXProject section */
		A7ED72101E9010A7004D6ADB /* Project object */ = {
			isa = PBXProject;
			attributes = {
				LastSwiftUpdateCheck = 0820;
				LastUpgradeCheck = 0820;
				ORGANIZATIONNAME = "Árthur Ken Aramaki Mota";
				TargetAttributes = {
					A7ED72171E9010A7004D6ADB = {
						CreatedOnToolsVersion = 8.2.1;
						ProvisioningStyle = Automatic;
					};
				};
			};
			buildConfigurationList = A7ED72131E9010A7004D6ADB /* Build configuration list for PBXProject "DesafioWebServiceXML" */;
			compatibilityVersion = "Xcode 3.2";
			developmentRegion = English;
			hasScannedForEncodings = 0;
			knownRegions = (
				en,
				Base,
			);
			mainGroup = A7ED720F1E9010A7004D6ADB;
			productRefGroup = A7ED72191E9010A7004D6ADB /* Products */;
			projectDirPath = "";
			projectRoot = "";
			targets = (
				A7ED72171E9010A7004D6ADB /* DesafioWebServiceXML */,
			);
		};
/* End PBXProject section */

/* Begin PBXResourcesBuildPhase section */
		A7ED72161E9010A7004D6ADB /* Resources */ = {
			isa = PBXResourcesBuildPhase;
			buildActionMask = 2147483647;
			files = (
				A7ED72261E9010A7004D6ADB /* LaunchScreen.storyboard in Resources */,
				A7ED72231E9010A7004D6ADB /* Assets.xcassets in Resources */,
				A7ED72211E9010A7004D6ADB /* Main.storyboard in Resources */,
			);
			runOnlyForDeploymentPostprocessing = 0;
		};
/* End PBXResourcesBuildPhase section */

/* Begin PBXSourcesBuildPhase section */
		A7ED72141E9010A7004D6ADB /* Sources */ = {
			isa = PBXSourcesBuildPhase;
			buildActionMask = 2147483647;
			files = (
				A7ED721E1E9010A7004D6ADB /* ViewController.swift in Sources */,
				A7ED721C1E9010A7004D6ADB /* AppDelegate.swift in Sources */,
			);
			runOnlyForDeploymentPostprocessing = 0;
		};
/* End PBXSourcesBuildPhase section */

/* Begin PBXVariantGroup section */
		A7ED721F1E9010A7004D6ADB /* Main.storyboard */ = {
			isa = PBXVariantGroup;
			children = (
				A7ED72201E9010A7004D6ADB /* Base */,
			);
			name = Main.storyboard;
			sourceTree = "<group>";
		};
		A7ED72241E9010A7004D6ADB /* LaunchScreen.storyboard */ = {
			isa = PBXVariantGroup;
			children = (
				A7ED72251E9010A7004D6ADB /* Base */,
			);
			name = LaunchScreen.storyboard;
			sourceTree = "<group>";
		};
/* End PBXVariantGroup section */

/* Begin XCBuildConfiguration section */
		A7ED72281E9010A7004D6ADB /* Debug */ = {
			isa = XCBuildConfiguration;
			buildSettings = {
				ALWAYS_SEARCH_USER_PATHS = NO;
				CLANG_ANALYZER_NONNULL = YES;
				CLANG_CXX_LANGUAGE_STANDARD = "gnu++0x";
				CLANG_CXX_LIBRARY = "libc++";
				CLANG_ENABLE_MODULES = YES;
				CLANG_ENABLE_OBJC_ARC = YES;
				CLANG_WARN_BOOL_CONVERSION = YES;
				CLANG_WARN_CONSTANT_CONVERSION = YES;
				CLANG_WARN_DIRECT_OBJC_ISA_USAGE = YES_ERROR;
				CLANG_WARN_DOCUMENTATION_COMMENTS = YES;
				CLANG_WARN_EMPTY_BODY = YES;
				CLANG_WARN_ENUM_CONVERSION = YES;
				CLANG_WARN_INFINITE_RECURSION = YES;
				CLANG_WARN_INT_CONVERSION = YES;
				CLANG_WARN_OBJC_ROOT_CLASS = YES_ERROR;
				CLANG_WARN_SUSPICIOUS_MOVE = YES;
				CLANG_WARN_UNREACHABLE_CODE = YES;
				CLANG_WARN__DUPLICATE_METHOD_MATCH = YES;
				"CODE_SIGN_IDENTITY[sdk=iphoneos*]" = "iPhone Developer";
				COPY_PHASE_STRIP = NO;
				DEBUG_INFORMATION_FORMAT = dwarf;
				ENABLE_STRICT_OBJC_MSGSEND = YES;
				ENABLE_TESTABILITY = YES;
				GCC_C_LANGUAGE_STANDARD = gnu99;
				GCC_DYNAMIC_NO_PIC = NO;
				GCC_NO_COMMON_BLOCKS = YES;
				GCC_OPTIMIZATION_LEVEL = 0;
				GCC_PREPROCESSOR_DEFINITIONS = (
					"DEBUG=1",
					"$(inherited)",
				);
				GCC_WARN_64_TO_32_BIT_CONVERSION = YES;
				GCC_WARN_ABOUT_RETURN_TYPE = YES_ERROR;
				GCC_WARN_UNDECLARED_SELECTOR = YES;
				GCC_WARN_UNINITIALIZED_AUTOS = YES_AGGRESSIVE;
				GCC_WARN_UNUSED_FUNCTION = YES;
				GCC_WARN_UNUSED_VARIABLE = YES;
				IPHONEOS_DEPLOYMENT_TARGET = 10.2;
				MTL_ENABLE_DEBUG_INFO = YES;
				ONLY_ACTIVE_ARCH = YES;
				SDKROOT = iphoneos;
				SWIFT_ACTIVE_COMPILATION_CONDITIONS = DEBUG;
				SWIFT_OPTIMIZATION_LEVEL = "-Onone";
			};
			name = Debug;
		};
		A7ED72291E9010A7004D6ADB /* Release */ = {
			isa = XCBuildConfiguration;
			buildSettings = {
				ALWAYS_SEARCH_USER_PATHS = NO;
				CLANG_ANALYZER_NONNULL = YES;
				CLANG_CXX_LANGUAGE_STANDARD = "gnu++0x";
				CLANG_CXX_LIBRARY = "libc++";
				CLANG_ENABLE_MODULES = YES;
				CLANG_ENABLE_OBJC_ARC = YES;
				CLANG_WARN_BOOL_CONVERSION = YES;
				CLANG_WARN_CONSTANT_CONVERSION = YES;
				CLANG_WARN_DIRECT_OBJC_ISA_USAGE = YES_ERROR;
				CLANG_WARN_DOCUMENTATION_COMMENTS = YES;
				CLANG_WARN_EMPTY_BODY = YES;
				CLANG_WARN_ENUM_CONVERSION = YES;
				CLANG_WARN_INFINITE_RECURSION = YES;
				CLANG_WARN_INT_CONVERSION = YES;
				CLANG_WARN_OBJC_ROOT_CLASS = YES_ERROR;
				CLANG_WARN_SUSPICIOUS_MOVE = YES;
				CLANG_WARN_UNREACHABLE_CODE = YES;
				CLANG_WARN__DUPLICATE_METHOD_MATCH = YES;
				"CODE_SIGN_IDENTITY[sdk=iphoneos*]" = "iPhone Developer";
				COPY_PHASE_STRIP = NO;
				DEBUG_INFORMATION_FORMAT = "dwarf-with-dsym";
				ENABLE_NS_ASSERTIONS = NO;
				ENABLE_STRICT_OBJC_MSGSEND = YES;
				GCC_C_LANGUAGE_STANDARD = gnu99;
				GCC_NO_COMMON_BLOCKS = YES;
				GCC_WARN_64_TO_32_BIT_CONVERSION = YES;
				GCC_WARN_ABOUT_RETURN_TYPE = YES_ERROR;
				GCC_WARN_UNDECLARED_SELECTOR = YES;
				GCC_WARN_UNINITIALIZED_AUTOS = YES_AGGRESSIVE;
				GCC_WARN_UNUSED_FUNCTION = YES;
				GCC_WARN_UNUSED_VARIABLE = YES;
				IPHONEOS_DEPLOYMENT_TARGET = 10.2;
				MTL_ENABLE_DEBUG_INFO = NO;
				SDKROOT = iphoneos;
				SWIFT_OPTIMIZATION_LEVEL = "-Owholemodule";
				VALIDATE_PRODUCT = YES;
			};
			name = Release;
		};
		A7ED722B1E9010A7004D6ADB /* Debug */ = {
			isa = XCBuildConfiguration;
			buildSettings = {
				ASSETCATALOG_COMPILER_APPICON_NAME = AppIcon;
				INFOPLIST_FILE = DesafioWebServiceXML/Info.plist;
				LD_RUNPATH_SEARCH_PATHS = "$(inherited) @executable_path/Frameworks";
				PRODUCT_BUNDLE_IDENTIFIER = com.kenaramaki.DesafioWebServiceXML;
				PRODUCT_NAME = "$(TARGET_NAME)";
				SWIFT_VERSION = 3.0;
			};
			name = Debug;
		};
		A7ED722C1E9010A7004D6ADB /* Release */ = {
			isa = XCBuildConfiguration;
			buildSettings = {
				ASSETCATALOG_COMPILER_APPICON_NAME = AppIcon;
				INFOPLIST_FILE = DesafioWebServiceXML/Info.plist;
				LD_RUNPATH_SEARCH_PATHS = "$(inherited) @executable_path/Frameworks";
				PRODUCT_BUNDLE_IDENTIFIER = com.kenaramaki.DesafioWebServiceXML;
				PRODUCT_NAME = "$(TARGET_NAME)";
				SWIFT_VERSION = 3.0;
			};
			name = Release;
		};
/* End XCBuildConfiguration section */

/* Begin XCConfigurationList section */
		A7ED72131E9010A7004D6ADB /* Build configuration list for PBXProject "DesafioWebServiceXML" */ = {
			isa = XCConfigurationList;
			buildConfigurations = (
				A7ED72281E9010A7004D6ADB /* Debug */,
				A7ED72291E9010A7004D6ADB /* Release */,
			);
			defaultConfigurationIsVisible = 0;
			defaultConfigurationName = Release;
		};
		A7ED722A1E9010A7004D6ADB /* Build configuration list for PBXNativeTarget "DesafioWebServiceXML" */ = {
			isa = XCConfigurationList;
			buildConfigurations = (
				A7ED722B1E9010A7004D6ADB /* Debug */,
				A7ED722C1E9010A7004D6ADB /* Release */,
			);
			defaultConfigurationIsVisible = 0;
		};
/* End XCConfigurationList section */
	};
	rootObject = A7ED72101E9010A7004D6ADB /* Project object */;
}
