// !$*UTF8*$!
{
	archiveVersion = 1;
	classes = {
	};
	objectVersion = 46;
	objects = {

/* Begin PBXBuildFile section */
		43010D5B1E2A4B7A000B23E7 /* AppDelegate.swift in Sources */ = {isa = PBXBuildFile; fileRef = 43010D5A1E2A4B7A000B23E7 /* AppDelegate.swift */; };
		43010D5D1E2A4B7A000B23E7 /* ViewController.swift in Sources */ = {isa = PBXBuildFile; fileRef = 43010D5C1E2A4B7A000B23E7 /* ViewController.swift */; };
		43010D601E2A4B7A000B23E7 /* Main.storyboard in Resources */ = {isa = PBXBuildFile; fileRef = 43010D5E1E2A4B7A000B23E7 /* Main.storyboard */; };
		43010D621E2A4B7A000B23E7 /* Assets.xcassets in Resources */ = {isa = PBXBuildFile; fileRef = 43010D611E2A4B7A000B23E7 /* Assets.xcassets */; };
		43010D651E2A4B7A000B23E7 /* LaunchScreen.storyboard in Resources */ = {isa = PBXBuildFile; fileRef = 43010D631E2A4B7A000B23E7 /* LaunchScreen.storyboard */; };
/* End PBXBuildFile section */

/* Begin PBXFileReference section */
		43010D571E2A4B7A000B23E7 /* EstruturaDeDiretorios.app */ = {isa = PBXFileReference; explicitFileType = wrapper.application; includeInIndex = 0; path = EstruturaDeDiretorios.app; sourceTree = BUILT_PRODUCTS_DIR; };
		43010D5A1E2A4B7A000B23E7 /* AppDelegate.swift */ = {isa = PBXFileReference; lastKnownFileType = sourcecode.swift; path = AppDelegate.swift; sourceTree = "<group>"; };
		43010D5C1E2A4B7A000B23E7 /* ViewController.swift */ = {isa = PBXFileReference; lastKnownFileType = sourcecode.swift; path = ViewController.swift; sourceTree = "<group>"; };
		43010D5F1E2A4B7A000B23E7 /* Base */ = {isa = PBXFileReference; lastKnownFileType = file.storyboard; name = Base; path = Base.lproj/Main.storyboard; sourceTree = "<group>"; };
		43010D611E2A4B7A000B23E7 /* Assets.xcassets */ = {isa = PBXFileReference; lastKnownFileType = folder.assetcatalog; path = Assets.xcassets; sourceTree = "<group>"; };
		43010D641E2A4B7A000B23E7 /* Base */ = {isa = PBXFileReference; lastKnownFileType = file.storyboard; name = Base; path = Base.lproj/LaunchScreen.storyboard; sourceTree = "<group>"; };
		43010D661E2A4B7A000B23E7 /* Info.plist */ = {isa = PBXFileReference; lastKnownFileType = text.plist.xml; path = Info.plist; sourceTree = "<group>"; };
/* End PBXFileReference section */

/* Begin PBXFrameworksBuildPhase section */
		43010D541E2A4B7A000B23E7 /* Frameworks */ = {
			isa = PBXFrameworksBuildPhase;
			buildActionMask = 2147483647;
			files = (
			);
			runOnlyForDeploymentPostprocessing = 0;
		};
/* End PBXFrameworksBuildPhase section */

/* Begin PBXGroup section */
		43010D4E1E2A4B7A000B23E7 = {
			isa = PBXGroup;
			children = (
				43010D591E2A4B7A000B23E7 /* EstruturaDeDiretorios */,
			);
			sourceTree = "<group>";
		};
		43010D581E2A4B7A000B23E7 /* Products */ = {
			isa = PBXGroup;
			children = (
				43010D571E2A4B7A000B23E7 /* EstruturaDeDiretorios.app */,
			);
			name = Products;
			path = ..;
			sourceTree = "<group>";
		};
		43010D591E2A4B7A000B23E7 /* EstruturaDeDiretorios */ = {
			isa = PBXGroup;
			children = (
				43010D5A1E2A4B7A000B23E7 /* AppDelegate.swift */,
				43010D6C1E2A4BFA000B23E7 /* Suporte */,
				43010D6E1E2A4C09000B23E7 /* Imagens */,
				43010D6D1E2A4C00000B23E7 /* Layout */,
				43010D5C1E2A4B7A000B23E7 /* ViewController.swift */,
			);
			path = EstruturaDeDiretorios;
			sourceTree = "<group>";
		};
		43010D6C1E2A4BFA000B23E7 /* Suporte */ = {
			isa = PBXGroup;
			children = (
				43010D581E2A4B7A000B23E7 /* Products */,
				43010D661E2A4B7A000B23E7 /* Info.plist */,
			);
			name = Suporte;
			sourceTree = "<group>";
		};
		43010D6D1E2A4C00000B23E7 /* Layout */ = {
			isa = PBXGroup;
			children = (
				43010D631E2A4B7A000B23E7 /* LaunchScreen.storyboard */,
				43010D5E1E2A4B7A000B23E7 /* Main.storyboard */,
			);
			name = Layout;
			sourceTree = "<group>";
		};
		43010D6E1E2A4C09000B23E7 /* Imagens */ = {
			isa = PBXGroup;
			children = (
				43010D611E2A4B7A000B23E7 /* Assets.xcassets */,
			);
			name = Imagens;
			sourceTree = "<group>";
		};
/* End PBXGroup section */

/* Begin PBXNativeTarget section */
		43010D561E2A4B7A000B23E7 /* EstruturaDeDiretorios */ = {
			isa = PBXNativeTarget;
			buildConfigurationList = 43010D691E2A4B7A000B23E7 /* Build configuration list for PBXNativeTarget "EstruturaDeDiretorios" */;
			buildPhases = (
				43010D531E2A4B7A000B23E7 /* Sources */,
				43010D541E2A4B7A000B23E7 /* Frameworks */,
				43010D551E2A4B7A000B23E7 /* Resources */,
			);
			buildRules = (
			);
			dependencies = (
			);
			name = EstruturaDeDiretorios;
			productName = EstruturaDeDiretorios;
			productReference = 43010D571E2A4B7A000B23E7 /* EstruturaDeDiretorios.app */;
			productType = "com.apple.product-type.application";
		};
/* End PBXNativeTarget section */

/* Begin PBXProject section */
		43010D4F1E2A4B7A000B23E7 /* Project object */ = {
			isa = PBXProject;
			attributes = {
				LastSwiftUpdateCheck = 0810;
				LastUpgradeCheck = 0810;
				ORGANIZATIONNAME = "Ken Aramaki";
				TargetAttributes = {
					43010D561E2A4B7A000B23E7 = {
						CreatedOnToolsVersion = 8.1;
						ProvisioningStyle = Automatic;
					};
				};
			};
			buildConfigurationList = 43010D521E2A4B7A000B23E7 /* Build configuration list for PBXProject "EstruturaDeDiretorios" */;
			compatibilityVersion = "Xcode 3.2";
			developmentRegion = English;
			hasScannedForEncodings = 0;
			knownRegions = (
				en,
				Base,
			);
			mainGroup = 43010D4E1E2A4B7A000B23E7;
			productRefGroup = 43010D581E2A4B7A000B23E7 /* Products */;
			projectDirPath = "";
			projectRoot = "";
			targets = (
				43010D561E2A4B7A000B23E7 /* EstruturaDeDiretorios */,
			);
		};
/* End PBXProject section */

/* Begin PBXResourcesBuildPhase section */
		43010D551E2A4B7A000B23E7 /* Resources */ = {
			isa = PBXResourcesBuildPhase;
			buildActionMask = 2147483647;
			files = (
				43010D651E2A4B7A000B23E7 /* LaunchScreen.storyboard in Resources */,
				43010D621E2A4B7A000B23E7 /* Assets.xcassets in Resources */,
				43010D601E2A4B7A000B23E7 /* Main.storyboard in Resources */,
			);
			runOnlyForDeploymentPostprocessing = 0;
		};
/* End PBXResourcesBuildPhase section */

/* Begin PBXSourcesBuildPhase section */
		43010D531E2A4B7A000B23E7 /* Sources */ = {
			isa = PBXSourcesBuildPhase;
			buildActionMask = 2147483647;
			files = (
				43010D5D1E2A4B7A000B23E7 /* ViewController.swift in Sources */,
				43010D5B1E2A4B7A000B23E7 /* AppDelegate.swift in Sources */,
			);
			runOnlyForDeploymentPostprocessing = 0;
		};
/* End PBXSourcesBuildPhase section */

/* Begin PBXVariantGroup section */
		43010D5E1E2A4B7A000B23E7 /* Main.storyboard */ = {
			isa = PBXVariantGroup;
			children = (
				43010D5F1E2A4B7A000B23E7 /* Base */,
			);
			name = Main.storyboard;
			sourceTree = "<group>";
		};
		43010D631E2A4B7A000B23E7 /* LaunchScreen.storyboard */ = {
			isa = PBXVariantGroup;
			children = (
				43010D641E2A4B7A000B23E7 /* Base */,
			);
			name = LaunchScreen.storyboard;
			sourceTree = "<group>";
		};
/* End PBXVariantGroup section */

/* Begin XCBuildConfiguration section */
		43010D671E2A4B7A000B23E7 /* Debug */ = {
			isa = XCBuildConfiguration;
			buildSettings = {
				ALWAYS_SEARCH_USER_PATHS = NO;
				CLANG_ANALYZER_NONNULL = YES;
				CLANG_CXX_LANGUAGE_STANDARD = "gnu++0x";
				CLANG_CXX_LIBRARY = "libc++";
				CLANG_ENABLE_MODULES = YES;
				CLANG_ENABLE_OBJC_ARC = YES;
				CLANG_WARN_BOOL_CONVERSION = YES;
				CLANG_WARN_CONSTANT_CONVERSION = YES;
				CLANG_WARN_DIRECT_OBJC_ISA_USAGE = YES_ERROR;
				CLANG_WARN_DOCUMENTATION_COMMENTS = YES;
				CLANG_WARN_EMPTY_BODY = YES;
				CLANG_WARN_ENUM_CONVERSION = YES;
				CLANG_WARN_INFINITE_RECURSION = YES;
				CLANG_WARN_INT_CONVERSION = YES;
				CLANG_WARN_OBJC_ROOT_CLASS = YES_ERROR;
				CLANG_WARN_SUSPICIOUS_MOVES = YES;
				CLANG_WARN_UNREACHABLE_CODE = YES;
				CLANG_WARN__DUPLICATE_METHOD_MATCH = YES;
				"CODE_SIGN_IDENTITY[sdk=iphoneos*]" = "iPhone Developer";
				COPY_PHASE_STRIP = NO;
				DEBUG_INFORMATION_FORMAT = dwarf;
				ENABLE_STRICT_OBJC_MSGSEND = YES;
				ENABLE_TESTABILITY = YES;
				GCC_C_LANGUAGE_STANDARD = gnu99;
				GCC_DYNAMIC_NO_PIC = NO;
				GCC_NO_COMMON_BLOCKS = YES;
				GCC_OPTIMIZATION_LEVEL = 0;
				GCC_PREPROCESSOR_DEFINITIONS = (
					"DEBUG=1",
					"$(inherited)",
				);
				GCC_WARN_64_TO_32_BIT_CONVERSION = YES;
				GCC_WARN_ABOUT_RETURN_TYPE = YES_ERROR;
				GCC_WARN_UNDECLARED_SELECTOR = YES;
				GCC_WARN_UNINITIALIZED_AUTOS = YES_AGGRESSIVE;
				GCC_WARN_UNUSED_FUNCTION = YES;
				GCC_WARN_UNUSED_VARIABLE = YES;
				IPHONEOS_DEPLOYMENT_TARGET = 10.1;
				MTL_ENABLE_DEBUG_INFO = YES;
				ONLY_ACTIVE_ARCH = YES;
				SDKROOT = iphoneos;
				SWIFT_ACTIVE_COMPILATION_CONDITIONS = DEBUG;
				SWIFT_OPTIMIZATION_LEVEL = "-Onone";
			};
			name = Debug;
		};
		43010D681E2A4B7A000B23E7 /* Release */ = {
			isa = XCBuildConfiguration;
			buildSettings = {
				ALWAYS_SEARCH_USER_PATHS = NO;
				CLANG_ANALYZER_NONNULL = YES;
				CLANG_CXX_LANGUAGE_STANDARD = "gnu++0x";
				CLANG_CXX_LIBRARY = "libc++";
				CLANG_ENABLE_MODULES = YES;
				CLANG_ENABLE_OBJC_ARC = YES;
				CLANG_WARN_BOOL_CONVERSION = YES;
				CLANG_WARN_CONSTANT_CONVERSION = YES;
				CLANG_WARN_DIRECT_OBJC_ISA_USAGE = YES_ERROR;
				CLANG_WARN_DOCUMENTATION_COMMENTS = YES;
				CLANG_WARN_EMPTY_BODY = YES;
				CLANG_WARN_ENUM_CONVERSION = YES;
				CLANG_WARN_INFINITE_RECURSION = YES;
				CLANG_WARN_INT_CONVERSION = YES;
				CLANG_WARN_OBJC_ROOT_CLASS = YES_ERROR;
				CLANG_WARN_SUSPICIOUS_MOVES = YES;
				CLANG_WARN_UNREACHABLE_CODE = YES;
				CLANG_WARN__DUPLICATE_METHOD_MATCH = YES;
				"CODE_SIGN_IDENTITY[sdk=iphoneos*]" = "iPhone Developer";
				COPY_PHASE_STRIP = NO;
				DEBUG_INFORMATION_FORMAT = "dwarf-with-dsym";
				ENABLE_NS_ASSERTIONS = NO;
				ENABLE_STRICT_OBJC_MSGSEND = YES;
				GCC_C_LANGUAGE_STANDARD = gnu99;
				GCC_NO_COMMON_BLOCKS = YES;
				GCC_WARN_64_TO_32_BIT_CONVERSION = YES;
				GCC_WARN_ABOUT_RETURN_TYPE = YES_ERROR;
				GCC_WARN_UNDECLARED_SELECTOR = YES;
				GCC_WARN_UNINITIALIZED_AUTOS = YES_AGGRESSIVE;
				GCC_WARN_UNUSED_FUNCTION = YES;
				GCC_WARN_UNUSED_VARIABLE = YES;
				IPHONEOS_DEPLOYMENT_TARGET = 10.1;
				MTL_ENABLE_DEBUG_INFO = NO;
				SDKROOT = iphoneos;
				SWIFT_OPTIMIZATION_LEVEL = "-Owholemodule";
				VALIDATE_PRODUCT = YES;
			};
			name = Release;
		};
		43010D6A1E2A4B7A000B23E7 /* Debug */ = {
			isa = XCBuildConfiguration;
			buildSettings = {
				ASSETCATALOG_COMPILER_APPICON_NAME = AppIcon;
				INFOPLIST_FILE = EstruturaDeDiretorios/Info.plist;
				LD_RUNPATH_SEARCH_PATHS = "$(inherited) @executable_path/Frameworks";
				PRODUCT_BUNDLE_IDENTIFIER = br.com.kenaramaki.EstruturaDeDiretorios;
				PRODUCT_NAME = "$(TARGET_NAME)";
				SWIFT_VERSION = 3.0;
			};
			name = Debug;
		};
		43010D6B1E2A4B7A000B23E7 /* Release */ = {
			isa = XCBuildConfiguration;
			buildSettings = {
				ASSETCATALOG_COMPILER_APPICON_NAME = AppIcon;
				INFOPLIST_FILE = EstruturaDeDiretorios/Info.plist;
				LD_RUNPATH_SEARCH_PATHS = "$(inherited) @executable_path/Frameworks";
				PRODUCT_BUNDLE_IDENTIFIER = br.com.kenaramaki.EstruturaDeDiretorios;
				PRODUCT_NAME = "$(TARGET_NAME)";
				SWIFT_VERSION = 3.0;
			};
			name = Release;
		};
/* End XCBuildConfiguration section */

/* Begin XCConfigurationList section */
		43010D521E2A4B7A000B23E7 /* Build configuration list for PBXProject "EstruturaDeDiretorios" */ = {
			isa = XCConfigurationList;
			buildConfigurations = (
				43010D671E2A4B7A000B23E7 /* Debug */,
				43010D681E2A4B7A000B23E7 /* Release */,
			);
			defaultConfigurationIsVisible = 0;
			defaultConfigurationName = Release;
		};
		43010D691E2A4B7A000B23E7 /* Build configuration list for PBXNativeTarget "EstruturaDeDiretorios" */ = {
			isa = XCConfigurationList;
			buildConfigurations = (
				43010D6A1E2A4B7A000B23E7 /* Debug */,
				43010D6B1E2A4B7A000B23E7 /* Release */,
			);
			defaultConfigurationIsVisible = 0;
		};
/* End XCConfigurationList section */
	};
	rootObject = 43010D4F1E2A4B7A000B23E7 /* Project object */;
}
