// !$*UTF8*$!
{
	archiveVersion = 1;
	classes = {
	};
	objectVersion = 46;
	objects = {

/* Begin PBXBuildFile section */
		436D7C831E3390630002A153 /* AppDelegate.swift in Sources */ = {isa = PBXBuildFile; fileRef = 436D7C821E3390630002A153 /* AppDelegate.swift */; };
		436D7C851E3390630002A153 /* ViewController.swift in Sources */ = {isa = PBXBuildFile; fileRef = 436D7C841E3390630002A153 /* ViewController.swift */; };
		436D7C881E3390630002A153 /* Main.storyboard in Resources */ = {isa = PBXBuildFile; fileRef = 436D7C861E3390630002A153 /* Main.storyboard */; };
		436D7C8A1E3390630002A153 /* Assets.xcassets in Resources */ = {isa = PBXBuildFile; fileRef = 436D7C891E3390630002A153 /* Assets.xcassets */; };
		436D7C8D1E3390630002A153 /* LaunchScreen.storyboard in Resources */ = {isa = PBXBuildFile; fileRef = 436D7C8B1E3390630002A153 /* LaunchScreen.storyboard */; };
/* End PBXBuildFile section */

/* Begin PBXFileReference section */
		436D7C7F1E3390630002A153 /* Multiplicação.app */ = {isa = PBXFileReference; explicitFileType = wrapper.application; includeInIndex = 0; path = "Multiplicação.app"; sourceTree = BUILT_PRODUCTS_DIR; };
		436D7C821E3390630002A153 /* AppDelegate.swift */ = {isa = PBXFileReference; lastKnownFileType = sourcecode.swift; path = AppDelegate.swift; sourceTree = "<group>"; };
		436D7C841E3390630002A153 /* ViewController.swift */ = {isa = PBXFileReference; lastKnownFileType = sourcecode.swift; path = ViewController.swift; sourceTree = "<group>"; };
		436D7C871E3390630002A153 /* Base */ = {isa = PBXFileReference; lastKnownFileType = file.storyboard; name = Base; path = Base.lproj/Main.storyboard; sourceTree = "<group>"; };
		436D7C891E3390630002A153 /* Assets.xcassets */ = {isa = PBXFileReference; lastKnownFileType = folder.assetcatalog; path = Assets.xcassets; sourceTree = "<group>"; };
		436D7C8C1E3390630002A153 /* Base */ = {isa = PBXFileReference; lastKnownFileType = file.storyboard; name = Base; path = Base.lproj/LaunchScreen.storyboard; sourceTree = "<group>"; };
		436D7C8E1E3390630002A153 /* Info.plist */ = {isa = PBXFileReference; lastKnownFileType = text.plist.xml; path = Info.plist; sourceTree = "<group>"; };
/* End PBXFileReference section */

/* Begin PBXFrameworksBuildPhase section */
		436D7C7C1E3390630002A153 /* Frameworks */ = {
			isa = PBXFrameworksBuildPhase;
			buildActionMask = 2147483647;
			files = (
			);
			runOnlyForDeploymentPostprocessing = 0;
		};
/* End PBXFrameworksBuildPhase section */

/* Begin PBXGroup section */
		436D7C761E3390630002A153 = {
			isa = PBXGroup;
			children = (
				436D7C811E3390630002A153 /* Multiplicação */,
				436D7C801E3390630002A153 /* Products */,
			);
			sourceTree = "<group>";
		};
		436D7C801E3390630002A153 /* Products */ = {
			isa = PBXGroup;
			children = (
				436D7C7F1E3390630002A153 /* Multiplicação.app */,
			);
			name = Products;
			sourceTree = "<group>";
		};
		436D7C811E3390630002A153 /* Multiplicação */ = {
			isa = PBXGroup;
			children = (
				436D7C821E3390630002A153 /* AppDelegate.swift */,
				436D7C841E3390630002A153 /* ViewController.swift */,
				436D7C861E3390630002A153 /* Main.storyboard */,
				436D7C891E3390630002A153 /* Assets.xcassets */,
				436D7C8B1E3390630002A153 /* LaunchScreen.storyboard */,
				436D7C8E1E3390630002A153 /* Info.plist */,
			);
			path = "Multiplicação";
			sourceTree = "<group>";
		};
/* End PBXGroup section */

/* Begin PBXNativeTarget section */
		436D7C7E1E3390630002A153 /* Multiplicação */ = {
			isa = PBXNativeTarget;
			buildConfigurationList = 436D7C911E3390630002A153 /* Build configuration list for PBXNativeTarget "Multiplicação" */;
			buildPhases = (
				436D7C7B1E3390630002A153 /* Sources */,
				436D7C7C1E3390630002A153 /* Frameworks */,
				436D7C7D1E3390630002A153 /* Resources */,
			);
			buildRules = (
			);
			dependencies = (
			);
			name = "Multiplicação";
			productName = "Multiplicação";
			productReference = 436D7C7F1E3390630002A153 /* Multiplicação.app */;
			productType = "com.apple.product-type.application";
		};
/* End PBXNativeTarget section */

/* Begin PBXProject section */
		436D7C771E3390630002A153 /* Project object */ = {
			isa = PBXProject;
			attributes = {
				LastSwiftUpdateCheck = 0810;
				LastUpgradeCheck = 0810;
				ORGANIZATIONNAME = Eduardi;
				TargetAttributes = {
					436D7C7E1E3390630002A153 = {
						CreatedOnToolsVersion = 8.1;
						ProvisioningStyle = Automatic;
					};
				};
			};
			buildConfigurationList = 436D7C7A1E3390630002A153 /* Build configuration list for PBXProject "Multiplicação" */;
			compatibilityVersion = "Xcode 3.2";
			developmentRegion = English;
			hasScannedForEncodings = 0;
			knownRegions = (
				en,
				Base,
			);
			mainGroup = 436D7C761E3390630002A153;
			productRefGroup = 436D7C801E3390630002A153 /* Products */;
			projectDirPath = "";
			projectRoot = "";
			targets = (
				436D7C7E1E3390630002A153 /* Multiplicação */,
			);
		};
/* End PBXProject section */

/* Begin PBXResourcesBuildPhase section */
		436D7C7D1E3390630002A153 /* Resources */ = {
			isa = PBXResourcesBuildPhase;
			buildActionMask = 2147483647;
			files = (
				436D7C8D1E3390630002A153 /* LaunchScreen.storyboard in Resources */,
				436D7C8A1E3390630002A153 /* Assets.xcassets in Resources */,
				436D7C881E3390630002A153 /* Main.storyboard in Resources */,
			);
			runOnlyForDeploymentPostprocessing = 0;
		};
/* End PBXResourcesBuildPhase section */

/* Begin PBXSourcesBuildPhase section */
		436D7C7B1E3390630002A153 /* Sources */ = {
			isa = PBXSourcesBuildPhase;
			buildActionMask = 2147483647;
			files = (
				436D7C851E3390630002A153 /* ViewController.swift in Sources */,
				436D7C831E3390630002A153 /* AppDelegate.swift in Sources */,
			);
			runOnlyForDeploymentPostprocessing = 0;
		};
/* End PBXSourcesBuildPhase section */

/* Begin PBXVariantGroup section */
		436D7C861E3390630002A153 /* Main.storyboard */ = {
			isa = PBXVariantGroup;
			children = (
				436D7C871E3390630002A153 /* Base */,
			);
			name = Main.storyboard;
			sourceTree = "<group>";
		};
		436D7C8B1E3390630002A153 /* LaunchScreen.storyboard */ = {
			isa = PBXVariantGroup;
			children = (
				436D7C8C1E3390630002A153 /* Base */,
			);
			name = LaunchScreen.storyboard;
			sourceTree = "<group>";
		};
/* End PBXVariantGroup section */

/* Begin XCBuildConfiguration section */
		436D7C8F1E3390630002A153 /* Debug */ = {
			isa = XCBuildConfiguration;
			buildSettings = {
				ALWAYS_SEARCH_USER_PATHS = NO;
				CLANG_ANALYZER_NONNULL = YES;
				CLANG_CXX_LANGUAGE_STANDARD = "gnu++0x";
				CLANG_CXX_LIBRARY = "libc++";
				CLANG_ENABLE_MODULES = YES;
				CLANG_ENABLE_OBJC_ARC = YES;
				CLANG_WARN_BOOL_CONVERSION = YES;
				CLANG_WARN_CONSTANT_CONVERSION = YES;
				CLANG_WARN_DIRECT_OBJC_ISA_USAGE = YES_ERROR;
				CLANG_WARN_DOCUMENTATION_COMMENTS = YES;
				CLANG_WARN_EMPTY_BODY = YES;
				CLANG_WARN_ENUM_CONVERSION = YES;
				CLANG_WARN_INFINITE_RECURSION = YES;
				CLANG_WARN_INT_CONVERSION = YES;
				CLANG_WARN_OBJC_ROOT_CLASS = YES_ERROR;
				CLANG_WARN_SUSPICIOUS_MOVES = YES;
				CLANG_WARN_UNREACHABLE_CODE = YES;
				CLANG_WARN__DUPLICATE_METHOD_MATCH = YES;
				"CODE_SIGN_IDENTITY[sdk=iphoneos*]" = "iPhone Developer";
				COPY_PHASE_STRIP = NO;
				DEBUG_INFORMATION_FORMAT = dwarf;
				ENABLE_STRICT_OBJC_MSGSEND = YES;
				ENABLE_TESTABILITY = YES;
				GCC_C_LANGUAGE_STANDARD = gnu99;
				GCC_DYNAMIC_NO_PIC = NO;
				GCC_NO_COMMON_BLOCKS = YES;
				GCC_OPTIMIZATION_LEVEL = 0;
				GCC_PREPROCESSOR_DEFINITIONS = (
					"DEBUG=1",
					"$(inherited)",
				);
				GCC_WARN_64_TO_32_BIT_CONVERSION = YES;
				GCC_WARN_ABOUT_RETURN_TYPE = YES_ERROR;
				GCC_WARN_UNDECLARED_SELECTOR = YES;
				GCC_WARN_UNINITIALIZED_AUTOS = YES_AGGRESSIVE;
				GCC_WARN_UNUSED_FUNCTION = YES;
				GCC_WARN_UNUSED_VARIABLE = YES;
				IPHONEOS_DEPLOYMENT_TARGET = 10.1;
				MTL_ENABLE_DEBUG_INFO = YES;
				ONLY_ACTIVE_ARCH = YES;
				SDKROOT = iphoneos;
				SWIFT_ACTIVE_COMPILATION_CONDITIONS = DEBUG;
				SWIFT_OPTIMIZATION_LEVEL = "-Onone";
			};
			name = Debug;
		};
		436D7C901E3390630002A153 /* Release */ = {
			isa = XCBuildConfiguration;
			buildSettings = {
				ALWAYS_SEARCH_USER_PATHS = NO;
				CLANG_ANALYZER_NONNULL = YES;
				CLANG_CXX_LANGUAGE_STANDARD = "gnu++0x";
				CLANG_CXX_LIBRARY = "libc++";
				CLANG_ENABLE_MODULES = YES;
				CLANG_ENABLE_OBJC_ARC = YES;
				CLANG_WARN_BOOL_CONVERSION = YES;
				CLANG_WARN_CONSTANT_CONVERSION = YES;
				CLANG_WARN_DIRECT_OBJC_ISA_USAGE = YES_ERROR;
				CLANG_WARN_DOCUMENTATION_COMMENTS = YES;
				CLANG_WARN_EMPTY_BODY = YES;
				CLANG_WARN_ENUM_CONVERSION = YES;
				CLANG_WARN_INFINITE_RECURSION = YES;
				CLANG_WARN_INT_CONVERSION = YES;
				CLANG_WARN_OBJC_ROOT_CLASS = YES_ERROR;
				CLANG_WARN_SUSPICIOUS_MOVES = YES;
				CLANG_WARN_UNREACHABLE_CODE = YES;
				CLANG_WARN__DUPLICATE_METHOD_MATCH = YES;
				"CODE_SIGN_IDENTITY[sdk=iphoneos*]" = "iPhone Developer";
				COPY_PHASE_STRIP = NO;
				DEBUG_INFORMATION_FORMAT = "dwarf-with-dsym";
				ENABLE_NS_ASSERTIONS = NO;
				ENABLE_STRICT_OBJC_MSGSEND = YES;
				GCC_C_LANGUAGE_STANDARD = gnu99;
				GCC_NO_COMMON_BLOCKS = YES;
				GCC_WARN_64_TO_32_BIT_CONVERSION = YES;
				GCC_WARN_ABOUT_RETURN_TYPE = YES_ERROR;
				GCC_WARN_UNDECLARED_SELECTOR = YES;
				GCC_WARN_UNINITIALIZED_AUTOS = YES_AGGRESSIVE;
				GCC_WARN_UNUSED_FUNCTION = YES;
				GCC_WARN_UNUSED_VARIABLE = YES;
				IPHONEOS_DEPLOYMENT_TARGET = 10.1;
				MTL_ENABLE_DEBUG_INFO = NO;
				SDKROOT = iphoneos;
				SWIFT_OPTIMIZATION_LEVEL = "-Owholemodule";
				VALIDATE_PRODUCT = YES;
			};
			name = Release;
		};
		436D7C921E3390630002A153 /* Debug */ = {
			isa = XCBuildConfiguration;
			buildSettings = {
				ASSETCATALOG_COMPILER_APPICON_NAME = AppIcon;
				INFOPLIST_FILE = "Multiplicação/Info.plist";
				LD_RUNPATH_SEARCH_PATHS = "$(inherited) @executable_path/Frameworks";
				PRODUCT_BUNDLE_IDENTIFIER = "br.com.eduardo.Multiplicac-a-o";
				PRODUCT_NAME = "$(TARGET_NAME)";
				SWIFT_VERSION = 3.0;
			};
			name = Debug;
		};
		436D7C931E3390630002A153 /* Release */ = {
			isa = XCBuildConfiguration;
			buildSettings = {
				ASSETCATALOG_COMPILER_APPICON_NAME = AppIcon;
				INFOPLIST_FILE = "Multiplicação/Info.plist";
				LD_RUNPATH_SEARCH_PATHS = "$(inherited) @executable_path/Frameworks";
				PRODUCT_BUNDLE_IDENTIFIER = "br.com.eduardo.Multiplicac-a-o";
				PRODUCT_NAME = "$(TARGET_NAME)";
				SWIFT_VERSION = 3.0;
			};
			name = Release;
		};
/* End XCBuildConfiguration section */

/* Begin XCConfigurationList section */
		436D7C7A1E3390630002A153 /* Build configuration list for PBXProject "Multiplicação" */ = {
			isa = XCConfigurationList;
			buildConfigurations = (
				436D7C8F1E3390630002A153 /* Debug */,
				436D7C901E3390630002A153 /* Release */,
			);
			defaultConfigurationIsVisible = 0;
			defaultConfigurationName = Release;
		};
		436D7C911E3390630002A153 /* Build configuration list for PBXNativeTarget "Multiplicação" */ = {
			isa = XCConfigurationList;
			buildConfigurations = (
				436D7C921E3390630002A153 /* Debug */,
				436D7C931E3390630002A153 /* Release */,
			);
			defaultConfigurationIsVisible = 0;
		};
/* End XCConfigurationList section */
	};
	rootObject = 436D7C771E3390630002A153 /* Project object */;
}
